
Microsoft Visual Studio Solution File, Format Version 12.00
# Visual Studio Version 17
VisualStudioVersion = 17.4.33110.190
MinimumVisualStudioVersion = 10.0.40219.1
Project("{FAE04EC0-301F-11D3-BF4B-00C04F79EFBC}") = "ClassLibrary1", "ClassLibrary1\ClassLibrary1.csproj", "{7EF27B86-938A-402D-B85F-256D13921787}"
EndProject
Project("{FAE04EC0-301F-11D3-BF4B-00C04F79EFBC}") = "UnitTestProject1", "UnitTestProject1\UnitTestProject1.csproj", "{3FDCCF42-FD83-41C6-A96C-3E2DFDC70B52}"
EndProject
Global
	GlobalSection(SolutionConfigurationPlatforms) = preSolution
		Debug|Any CPU = Debug|Any CPU
		Release|Any CPU = Release|Any CPU
	EndGlobalSection
	GlobalSection(ProjectConfigurationPlatforms) = postSolution
		{7EF27B86-938A-402D-B85F-256D13921787}.Debug|Any CPU.ActiveCfg = Debug|Any CPU
		{7EF27B86-938A-402D-B85F-256D13921787}.Debug|Any CPU.Build.0 = Debug|Any CPU
		{7EF27B86-938A-402D-B85F-256D13921787}.Release|Any CPU.ActiveCfg = Release|Any CPU
		{7EF27B86-938A-402D-B85F-256D13921787}.Release|Any CPU.Build.0 = Release|Any CPU
		{3FDCCF42-FD83-41C6-A96C-3E2DFDC70B52}.Debug|Any CPU.ActiveCfg = Debug|Any CPU
		{3FDCCF42-FD83-41C6-A96C-3E2DFDC70B52}.Debug|Any CPU.Build.0 = Debug|Any CPU
		{3FDCCF42-FD83-41C6-A96C-3E2DFDC70B52}.Release|Any CPU.ActiveCfg = Release|Any CPU
		{3FDCCF42-FD83-41C6-A96C-3E2DFDC70B52}.Release|Any CPU.Build.0 = Release|Any CPU
	EndGlobalSection
	GlobalSection(SolutionProperties) = preSolution
		HideSolutionNode = FALSE
	EndGlobalSection
	GlobalSection(ExtensibilityGlobals) = postSolution
		SolutionGuid = {05B41FAB-2AF3-4D55-89DA-20FFADF55080}
	EndGlobalSection
EndGlobal
